
Microsoft Visual Studio Solution File, Format Version 12.00
# Visual Studio Version 17
VisualStudioVersion = 17.3.32929.385
MinimumVisualStudioVersion = 10.0.40219.1
Project("{FAE04EC0-301F-11D3-BF4B-00C04F79EFBC}") = "WindowsFormsApp10", "WindowsFormsApp10\WindowsFormsApp10.csproj", "{00DAF1B9-AD7A-46D7-83FD-C48EA6C1A109}"
EndProject
Global
	GlobalSection(SolutionConfigurationPlatforms) = preSolution
		Debug|Any CPU = Debug|Any CPU
		Release|Any CPU = Release|Any CPU
	EndGlobalSection
	GlobalSection(ProjectConfigurationPlatforms) = postSolution
		{00DAF1B9-AD7A-46D7-83FD-C48EA6C1A109}.Debug|Any CPU.ActiveCfg = Debug|Any CPU
		{00DAF1B9-AD7A-46D7-83FD-C48EA6C1A109}.Debug|Any CPU.Build.0 = Debug|Any CPU
		{00DAF1B9-AD7A-46D7-83FD-C48EA6C1A109}.Release|Any CPU.ActiveCfg = Release|Any CPU
		{00DAF1B9-AD7A-46D7-83FD-C48EA6C1A109}.Release|Any CPU.Build.0 = Release|Any CPU
	EndGlobalSection
	GlobalSection(SolutionProperties) = preSolution
		HideSolutionNode = FALSE
	EndGlobalSection
	GlobalSection(ExtensibilityGlobals) = postSolution
		SolutionGuid = {7EBE20E8-CE6D-4931-BF9F-0E207C828FE1}
	EndGlobalSection
EndGlobal
